
Microsoft Visual Studio Solution File, Format Version 12.00
# Visual Studio Version 16
VisualStudioVersion = 16.0.30413.136
MinimumVisualStudioVersion = 10.0.40219.1
Project("{FAE04EC0-301F-11D3-BF4B-00C04F79EFBC}") = "PrimeNumbers", "PrimeNumbers\PrimeNumbers.csproj", "{E569FAB6-4245-44F9-B349-5AFF8D80C0DA}"
EndProject
Global
	GlobalSection(SolutionConfigurationPlatforms) = preSolution
		Debug|Any CPU = Debug|Any CPU
		Release|Any CPU = Release|Any CPU
	EndGlobalSection
	GlobalSection(ProjectConfigurationPlatforms) = postSolution
		{E569FAB6-4245-44F9-B349-5AFF8D80C0DA}.Debug|Any CPU.ActiveCfg = Debug|Any CPU
		{E569FAB6-4245-44F9-B349-5AFF8D80C0DA}.Debug|Any CPU.Build.0 = Debug|Any CPU
		{E569FAB6-4245-44F9-B349-5AFF8D80C0DA}.Release|Any CPU.ActiveCfg = Release|Any CPU
		{E569FAB6-4245-44F9-B349-5AFF8D80C0DA}.Release|Any CPU.Build.0 = Release|Any CPU
	EndGlobalSection
	GlobalSection(SolutionProperties) = preSolution
		HideSolutionNode = FALSE
	EndGlobalSection
	GlobalSection(ExtensibilityGlobals) = postSolution
		SolutionGuid = {7221D062-3F7A-4732-8AC9-0B7C189ADDF6}
	EndGlobalSection
EndGlobal
